// !$*UTF8*$!
{
	archiveVersion = 1;
	classes = {
	};
	objectVersion = 46;
	objects = {

/* Begin PBXBuildFile section */
		781EFDA62154D3A600B70CE7 /* DCFoundation_iOS.h in Headers */ = {isa = PBXBuildFile; fileRef = 781EFDA42154D3A600B70CE7 /* DCFoundation_iOS.h */; settings = {ATTRIBUTES = (Public, ); }; };
		781EFDAE2154D3F000B70CE7 /* Geometry.swift in Sources */ = {isa = PBXBuildFile; fileRef = 781EFD722154D14F00B70CE7 /* Geometry.swift */; };
		781EFDAF2154D3F000B70CE7 /* Localization.swift in Sources */ = {isa = PBXBuildFile; fileRef = 781EFD732154D14F00B70CE7 /* Localization.swift */; };
		781EFDB02154D3F000B70CE7 /* DeepLink.swift in Sources */ = {isa = PBXBuildFile; fileRef = 781EFD742154D14F00B70CE7 /* DeepLink.swift */; };
		781EFDB12154D3F600B70CE7 /* CacheDiskProvider.swift in Sources */ = {isa = PBXBuildFile; fileRef = 781EFD762154D14F00B70CE7 /* CacheDiskProvider.swift */; };
		781EFDB22154D3F600B70CE7 /* CacheOptions.swift in Sources */ = {isa = PBXBuildFile; fileRef = 781EFD772154D14F00B70CE7 /* CacheOptions.swift */; };
		781EFDB32154D3F600B70CE7 /* CacheNetwork.swift in Sources */ = {isa = PBXBuildFile; fileRef = 781EFD782154D14F00B70CE7 /* CacheNetwork.swift */; };
		781EFDB42154D3F600B70CE7 /* Cache.swift in Sources */ = {isa = PBXBuildFile; fileRef = 781EFD792154D14F00B70CE7 /* Cache.swift */; };
		781EFDBB2154D40400B70CE7 /* Date.swift in Sources */ = {isa = PBXBuildFile; fileRef = 781EFD622154D14F00B70CE7 /* Date.swift */; };
		781EFDBC2154D40400B70CE7 /* Array.swift in Sources */ = {isa = PBXBuildFile; fileRef = 781EFD632154D14F00B70CE7 /* Array.swift */; };
		781EFDBD2154D40400B70CE7 /* Data.swift in Sources */ = {isa = PBXBuildFile; fileRef = 781EFD642154D14F00B70CE7 /* Data.swift */; };
		781EFDBE2154D40400B70CE7 /* Locale.swift in Sources */ = {isa = PBXBuildFile; fileRef = 781EFD652154D14F00B70CE7 /* Locale.swift */; };
		781EFDBF2154D40400B70CE7 /* Runtime.swift in Sources */ = {isa = PBXBuildFile; fileRef = 781EFD662154D14F00B70CE7 /* Runtime.swift */; };
		781EFDC02154D40400B70CE7 /* FileSystem.swift in Sources */ = {isa = PBXBuildFile; fileRef = 781EFD672154D14F00B70CE7 /* FileSystem.swift */; };
		781EFDC12154D40400B70CE7 /* Number.swift in Sources */ = {isa = PBXBuildFile; fileRef = 781EFD682154D14F00B70CE7 /* Number.swift */; };
		781EFDC22154D40400B70CE7 /* CollectionType.swift in Sources */ = {isa = PBXBuildFile; fileRef = 781EFD692154D14F00B70CE7 /* CollectionType.swift */; };
		781EFDC32154D40400B70CE7 /* Operators.swift in Sources */ = {isa = PBXBuildFile; fileRef = 781EFD6A2154D14F00B70CE7 /* Operators.swift */; };
		781EFDC42154D40400B70CE7 /* Dictionary.swift in Sources */ = {isa = PBXBuildFile; fileRef = 781EFD6B2154D14F00B70CE7 /* Dictionary.swift */; };
		781EFDC52154D40400B70CE7 /* Notification.swift in Sources */ = {isa = PBXBuildFile; fileRef = 781EFD6C2154D14F00B70CE7 /* Notification.swift */; };
		781EFDC62154D40400B70CE7 /* URL.swift in Sources */ = {isa = PBXBuildFile; fileRef = 781EFD6D2154D14F00B70CE7 /* URL.swift */; };
		781EFDC72154D40400B70CE7 /* String.swift in Sources */ = {isa = PBXBuildFile; fileRef = 781EFD6E2154D14F00B70CE7 /* String.swift */; };
		781EFDC82154D40400B70CE7 /* UserDefaults.swift in Sources */ = {isa = PBXBuildFile; fileRef = 781EFD6F2154D14F00B70CE7 /* UserDefaults.swift */; };
		781EFDC92154D40400B70CE7 /* NSError.swift in Sources */ = {isa = PBXBuildFile; fileRef = 781EFD702154D14F00B70CE7 /* NSError.swift */; };
		7825C95D1F6C397C00A78248 /* DCFoundation-Mac.h in Headers */ = {isa = PBXBuildFile; fileRef = 7825C95B1F6C397C00A78248 /* DCFoundation-Mac.h */; settings = {ATTRIBUTES = (Public, ); }; };
		786CFB87216E8FE3006C9855 /* Debug.swift in Sources */ = {isa = PBXBuildFile; fileRef = 786CFB7F216E8FE3006C9855 /* Debug.swift */; };
		786CFB88216E8FE3006C9855 /* Reachability.swift in Sources */ = {isa = PBXBuildFile; fileRef = 786CFB81216E8FE3006C9855 /* Reachability.swift */; };
		786CFB89216E8FE3006C9855 /* HTTPRequest.swift in Sources */ = {isa = PBXBuildFile; fileRef = 786CFB83216E8FE3006C9855 /* HTTPRequest.swift */; };
		786CFB8A216E8FE3006C9855 /* HTTPResponse.swift in Sources */ = {isa = PBXBuildFile; fileRef = 786CFB84216E8FE3006C9855 /* HTTPResponse.swift */; };
		786CFB8B216E8FE3006C9855 /* HTTPSession.swift in Sources */ = {isa = PBXBuildFile; fileRef = 786CFB85216E8FE3006C9855 /* HTTPSession.swift */; };
		786CFB8C216E8FE3006C9855 /* MultipartBuilder.swift in Sources */ = {isa = PBXBuildFile; fileRef = 786CFB86216E8FE3006C9855 /* MultipartBuilder.swift */; };
		78BC4DA21DF07754004B38A6 /* AppDelegate.swift in Sources */ = {isa = PBXBuildFile; fileRef = 78BC4DA11DF07754004B38A6 /* AppDelegate.swift */; };
		78BC4DA41DF07754004B38A6 /* ViewController.swift in Sources */ = {isa = PBXBuildFile; fileRef = 78BC4DA31DF07754004B38A6 /* ViewController.swift */; };
		78BC4DA71DF07754004B38A6 /* Main.storyboard in Resources */ = {isa = PBXBuildFile; fileRef = 78BC4DA51DF07754004B38A6 /* Main.storyboard */; };
		78BC4DA91DF07754004B38A6 /* Assets.xcassets in Resources */ = {isa = PBXBuildFile; fileRef = 78BC4DA81DF07754004B38A6 /* Assets.xcassets */; };
		78BC4DAC1DF07754004B38A6 /* LaunchScreen.storyboard in Resources */ = {isa = PBXBuildFile; fileRef = 78BC4DAA1DF07754004B38A6 /* LaunchScreen.storyboard */; };
		78EEBB5B2169F3A9002C80FB /* DCFoundation.framework in Frameworks */ = {isa = PBXBuildFile; fileRef = 781EFDA22154D3A600B70CE7 /* DCFoundation.framework */; };
		78EEBB5C2169F3A9002C80FB /* DCFoundation.framework in Embed Frameworks */ = {isa = PBXBuildFile; fileRef = 781EFDA22154D3A600B70CE7 /* DCFoundation.framework */; settings = {ATTRIBUTES = (CodeSignOnCopy, RemoveHeadersOnCopy, ); }; };
/* End PBXBuildFile section */

/* Begin PBXContainerItemProxy section */
		78EEBB5D2169F3A9002C80FB /* PBXContainerItemProxy */ = {
			isa = PBXContainerItemProxy;
			containerPortal = 789DB3121DC0BA3400322B9E /* Project object */;
			proxyType = 1;
			remoteGlobalIDString = 781EFDA12154D3A600B70CE7;
			remoteInfo = "DCFoundation-iOS";
		};
/* End PBXContainerItemProxy section */

/* Begin PBXCopyFilesBuildPhase section */
		78EEBB5F2169F3A9002C80FB /* Embed Frameworks */ = {
			isa = PBXCopyFilesBuildPhase;
			buildActionMask = 2147483647;
			dstPath = "";
			dstSubfolderSpec = 10;
			files = (
				78EEBB5C2169F3A9002C80FB /* DCFoundation.framework in Embed Frameworks */,
			);
			name = "Embed Frameworks";
			runOnlyForDeploymentPostprocessing = 0;
		};
/* End PBXCopyFilesBuildPhase section */

/* Begin PBXFileReference section */
		781EFD622154D14F00B70CE7 /* Date.swift */ = {isa = PBXFileReference; fileEncoding = 4; lastKnownFileType = sourcecode.swift; path = Date.swift; sourceTree = "<group>"; };
		781EFD632154D14F00B70CE7 /* Array.swift */ = {isa = PBXFileReference; fileEncoding = 4; lastKnownFileType = sourcecode.swift; path = Array.swift; sourceTree = "<group>"; };
		781EFD642154D14F00B70CE7 /* Data.swift */ = {isa = PBXFileReference; fileEncoding = 4; lastKnownFileType = sourcecode.swift; path = Data.swift; sourceTree = "<group>"; };
		781EFD652154D14F00B70CE7 /* Locale.swift */ = {isa = PBXFileReference; fileEncoding = 4; lastKnownFileType = sourcecode.swift; path = Locale.swift; sourceTree = "<group>"; };
		781EFD662154D14F00B70CE7 /* Runtime.swift */ = {isa = PBXFileReference; fileEncoding = 4; lastKnownFileType = sourcecode.swift; path = Runtime.swift; sourceTree = "<group>"; };
		781EFD672154D14F00B70CE7 /* FileSystem.swift */ = {isa = PBXFileReference; fileEncoding = 4; lastKnownFileType = sourcecode.swift; path = FileSystem.swift; sourceTree = "<group>"; };
		781EFD682154D14F00B70CE7 /* Number.swift */ = {isa = PBXFileReference; fileEncoding = 4; lastKnownFileType = sourcecode.swift; path = Number.swift; sourceTree = "<group>"; };
		781EFD692154D14F00B70CE7 /* CollectionType.swift */ = {isa = PBXFileReference; fileEncoding = 4; lastKnownFileType = sourcecode.swift; path = CollectionType.swift; sourceTree = "<group>"; };
		781EFD6A2154D14F00B70CE7 /* Operators.swift */ = {isa = PBXFileReference; fileEncoding = 4; lastKnownFileType = sourcecode.swift; path = Operators.swift; sourceTree = "<group>"; };
		781EFD6B2154D14F00B70CE7 /* Dictionary.swift */ = {isa = PBXFileReference; fileEncoding = 4; lastKnownFileType = sourcecode.swift; path = Dictionary.swift; sourceTree = "<group>"; };
		781EFD6C2154D14F00B70CE7 /* Notification.swift */ = {isa = PBXFileReference; fileEncoding = 4; lastKnownFileType = sourcecode.swift; path = Notification.swift; sourceTree = "<group>"; };
		781EFD6D2154D14F00B70CE7 /* URL.swift */ = {isa = PBXFileReference; fileEncoding = 4; lastKnownFileType = sourcecode.swift; path = URL.swift; sourceTree = "<group>"; };
		781EFD6E2154D14F00B70CE7 /* String.swift */ = {isa = PBXFileReference; fileEncoding = 4; lastKnownFileType = sourcecode.swift; path = String.swift; sourceTree = "<group>"; };
		781EFD6F2154D14F00B70CE7 /* UserDefaults.swift */ = {isa = PBXFileReference; fileEncoding = 4; lastKnownFileType = sourcecode.swift; path = UserDefaults.swift; sourceTree = "<group>"; };
		781EFD702154D14F00B70CE7 /* NSError.swift */ = {isa = PBXFileReference; fileEncoding = 4; lastKnownFileType = sourcecode.swift; path = NSError.swift; sourceTree = "<group>"; };
		781EFD722154D14F00B70CE7 /* Geometry.swift */ = {isa = PBXFileReference; fileEncoding = 4; lastKnownFileType = sourcecode.swift; path = Geometry.swift; sourceTree = "<group>"; };
		781EFD732154D14F00B70CE7 /* Localization.swift */ = {isa = PBXFileReference; fileEncoding = 4; lastKnownFileType = sourcecode.swift; path = Localization.swift; sourceTree = "<group>"; };
		781EFD742154D14F00B70CE7 /* DeepLink.swift */ = {isa = PBXFileReference; fileEncoding = 4; lastKnownFileType = sourcecode.swift; path = DeepLink.swift; sourceTree = "<group>"; };
		781EFD762154D14F00B70CE7 /* CacheDiskProvider.swift */ = {isa = PBXFileReference; fileEncoding = 4; lastKnownFileType = sourcecode.swift; path = CacheDiskProvider.swift; sourceTree = "<group>"; };
		781EFD772154D14F00B70CE7 /* CacheOptions.swift */ = {isa = PBXFileReference; fileEncoding = 4; lastKnownFileType = sourcecode.swift; path = CacheOptions.swift; sourceTree = "<group>"; };
		781EFD782154D14F00B70CE7 /* CacheNetwork.swift */ = {isa = PBXFileReference; fileEncoding = 4; lastKnownFileType = sourcecode.swift; path = CacheNetwork.swift; sourceTree = "<group>"; };
		781EFD792154D14F00B70CE7 /* Cache.swift */ = {isa = PBXFileReference; fileEncoding = 4; lastKnownFileType = sourcecode.swift; path = Cache.swift; sourceTree = "<group>"; };
		781EFDA22154D3A600B70CE7 /* DCFoundation.framework */ = {isa = PBXFileReference; explicitFileType = wrapper.framework; includeInIndex = 0; path = DCFoundation.framework; sourceTree = BUILT_PRODUCTS_DIR; };
		781EFDA42154D3A600B70CE7 /* DCFoundation_iOS.h */ = {isa = PBXFileReference; lastKnownFileType = sourcecode.c.h; path = DCFoundation_iOS.h; sourceTree = "<group>"; };
		781EFDA52154D3A600B70CE7 /* Info.plist */ = {isa = PBXFileReference; lastKnownFileType = text.plist.xml; path = Info.plist; sourceTree = "<group>"; };
		7825C9591F6C397C00A78248 /* DCFoundation.framework */ = {isa = PBXFileReference; explicitFileType = wrapper.framework; includeInIndex = 0; path = DCFoundation.framework; sourceTree = BUILT_PRODUCTS_DIR; };
		7825C95B1F6C397C00A78248 /* DCFoundation-Mac.h */ = {isa = PBXFileReference; lastKnownFileType = sourcecode.c.h; path = "DCFoundation-Mac.h"; sourceTree = "<group>"; };
		7825C95C1F6C397C00A78248 /* Info.plist */ = {isa = PBXFileReference; lastKnownFileType = text.plist.xml; path = Info.plist; sourceTree = "<group>"; };
		786CFB7F216E8FE3006C9855 /* Debug.swift */ = {isa = PBXFileReference; fileEncoding = 4; lastKnownFileType = sourcecode.swift; path = Debug.swift; sourceTree = "<group>"; };
		786CFB81216E8FE3006C9855 /* Reachability.swift */ = {isa = PBXFileReference; fileEncoding = 4; lastKnownFileType = sourcecode.swift; path = Reachability.swift; sourceTree = "<group>"; };
		786CFB83216E8FE3006C9855 /* HTTPRequest.swift */ = {isa = PBXFileReference; fileEncoding = 4; lastKnownFileType = sourcecode.swift; path = HTTPRequest.swift; sourceTree = "<group>"; };
		786CFB84216E8FE3006C9855 /* HTTPResponse.swift */ = {isa = PBXFileReference; fileEncoding = 4; lastKnownFileType = sourcecode.swift; path = HTTPResponse.swift; sourceTree = "<group>"; };
		786CFB85216E8FE3006C9855 /* HTTPSession.swift */ = {isa = PBXFileReference; fileEncoding = 4; lastKnownFileType = sourcecode.swift; path = HTTPSession.swift; sourceTree = "<group>"; };
		786CFB86216E8FE3006C9855 /* MultipartBuilder.swift */ = {isa = PBXFileReference; fileEncoding = 4; lastKnownFileType = sourcecode.swift; path = MultipartBuilder.swift; sourceTree = "<group>"; };
		78BC4D9F1DF07754004B38A6 /* TestApp.app */ = {isa = PBXFileReference; explicitFileType = wrapper.application; includeInIndex = 0; path = TestApp.app; sourceTree = BUILT_PRODUCTS_DIR; };
		78BC4DA11DF07754004B38A6 /* AppDelegate.swift */ = {isa = PBXFileReference; lastKnownFileType = sourcecode.swift; path = AppDelegate.swift; sourceTree = "<group>"; };
		78BC4DA31DF07754004B38A6 /* ViewController.swift */ = {isa = PBXFileReference; lastKnownFileType = sourcecode.swift; path = ViewController.swift; sourceTree = "<group>"; };
		78BC4DA61DF07754004B38A6 /* Base */ = {isa = PBXFileReference; lastKnownFileType = file.storyboard; name = Base; path = Base.lproj/Main.storyboard; sourceTree = "<group>"; };
		78BC4DA81DF07754004B38A6 /* Assets.xcassets */ = {isa = PBXFileReference; lastKnownFileType = folder.assetcatalog; path = Assets.xcassets; sourceTree = "<group>"; };
		78BC4DAB1DF07754004B38A6 /* Base */ = {isa = PBXFileReference; lastKnownFileType = file.storyboard; name = Base; path = Base.lproj/LaunchScreen.storyboard; sourceTree = "<group>"; };
		78BC4DAD1DF07754004B38A6 /* Info.plist */ = {isa = PBXFileReference; lastKnownFileType = text.plist.xml; path = Info.plist; sourceTree = "<group>"; };
/* End PBXFileReference section */

/* Begin PBXFrameworksBuildPhase section */
		781EFD9F2154D3A600B70CE7 /* Frameworks */ = {
			isa = PBXFrameworksBuildPhase;
			buildActionMask = 2147483647;
			files = (
			);
			runOnlyForDeploymentPostprocessing = 0;
		};
		7825C9551F6C397C00A78248 /* Frameworks */ = {
			isa = PBXFrameworksBuildPhase;
			buildActionMask = 2147483647;
			files = (
			);
			runOnlyForDeploymentPostprocessing = 0;
		};
		78BC4D9C1DF07754004B38A6 /* Frameworks */ = {
			isa = PBXFrameworksBuildPhase;
			buildActionMask = 2147483647;
			files = (
				78EEBB5B2169F3A9002C80FB /* DCFoundation.framework in Frameworks */,
			);
			runOnlyForDeploymentPostprocessing = 0;
		};
/* End PBXFrameworksBuildPhase section */

/* Begin PBXGroup section */
		781EFD612154D14F00B70CE7 /* Extensions */ = {
			isa = PBXGroup;
			children = (
				781EFD622154D14F00B70CE7 /* Date.swift */,
				781EFD632154D14F00B70CE7 /* Array.swift */,
				781EFD642154D14F00B70CE7 /* Data.swift */,
				781EFD652154D14F00B70CE7 /* Locale.swift */,
				781EFD662154D14F00B70CE7 /* Runtime.swift */,
				781EFD672154D14F00B70CE7 /* FileSystem.swift */,
				781EFD682154D14F00B70CE7 /* Number.swift */,
				781EFD692154D14F00B70CE7 /* CollectionType.swift */,
				781EFD6A2154D14F00B70CE7 /* Operators.swift */,
				781EFD6B2154D14F00B70CE7 /* Dictionary.swift */,
				781EFD6C2154D14F00B70CE7 /* Notification.swift */,
				781EFD6D2154D14F00B70CE7 /* URL.swift */,
				781EFD6E2154D14F00B70CE7 /* String.swift */,
				781EFD6F2154D14F00B70CE7 /* UserDefaults.swift */,
				781EFD702154D14F00B70CE7 /* NSError.swift */,
			);
			path = Extensions;
			sourceTree = "<group>";
		};
		781EFD712154D14F00B70CE7 /* Classes */ = {
			isa = PBXGroup;
			children = (
				781EFD722154D14F00B70CE7 /* Geometry.swift */,
				781EFD732154D14F00B70CE7 /* Localization.swift */,
				781EFD742154D14F00B70CE7 /* DeepLink.swift */,
				786CFB7E216E8FE3006C9855 /* Debug */,
				786CFB80216E8FE3006C9855 /* Network */,
				781EFD752154D14F00B70CE7 /* Cache */,
			);
			path = Classes;
			sourceTree = "<group>";
		};
		781EFD752154D14F00B70CE7 /* Cache */ = {
			isa = PBXGroup;
			children = (
				781EFD762154D14F00B70CE7 /* CacheDiskProvider.swift */,
				781EFD772154D14F00B70CE7 /* CacheOptions.swift */,
				781EFD782154D14F00B70CE7 /* CacheNetwork.swift */,
				781EFD792154D14F00B70CE7 /* Cache.swift */,
			);
			path = Cache;
			sourceTree = "<group>";
		};
		781EFDA32154D3A600B70CE7 /* DCFoundation-iOS */ = {
			isa = PBXGroup;
			children = (
				781EFDA42154D3A600B70CE7 /* DCFoundation_iOS.h */,
				781EFDA52154D3A600B70CE7 /* Info.plist */,
			);
			path = "DCFoundation-iOS";
			sourceTree = "<group>";
		};
		7825C95A1F6C397C00A78248 /* DCFoundation-Mac */ = {
			isa = PBXGroup;
			children = (
				7825C95B1F6C397C00A78248 /* DCFoundation-Mac.h */,
				7825C95C1F6C397C00A78248 /* Info.plist */,
			);
			path = "DCFoundation-Mac";
			sourceTree = "<group>";
		};
		783335611F3C60150046CD49 /* DCFoundation */ = {
			isa = PBXGroup;
			children = (
				781EFD712154D14F00B70CE7 /* Classes */,
				781EFD612154D14F00B70CE7 /* Extensions */,
			);
			path = DCFoundation;
			sourceTree = "<group>";
		};
		786CFB7E216E8FE3006C9855 /* Debug */ = {
			isa = PBXGroup;
			children = (
				786CFB7F216E8FE3006C9855 /* Debug.swift */,
			);
			path = Debug;
			sourceTree = "<group>";
		};
		786CFB80216E8FE3006C9855 /* Network */ = {
			isa = PBXGroup;
			children = (
				786CFB81216E8FE3006C9855 /* Reachability.swift */,
				786CFB82216E8FE3006C9855 /* HTTP */,
			);
			path = Network;
			sourceTree = "<group>";
		};
		786CFB82216E8FE3006C9855 /* HTTP */ = {
			isa = PBXGroup;
			children = (
				786CFB83216E8FE3006C9855 /* HTTPRequest.swift */,
				786CFB84216E8FE3006C9855 /* HTTPResponse.swift */,
				786CFB85216E8FE3006C9855 /* HTTPSession.swift */,
				786CFB86216E8FE3006C9855 /* MultipartBuilder.swift */,
			);
			path = HTTP;
			sourceTree = "<group>";
		};
		789DB3111DC0BA3400322B9E = {
			isa = PBXGroup;
			children = (
				783335611F3C60150046CD49 /* DCFoundation */,
				781EFDA32154D3A600B70CE7 /* DCFoundation-iOS */,
				7825C95A1F6C397C00A78248 /* DCFoundation-Mac */,
				78BC4DA01DF07754004B38A6 /* TestApp */,
				789DB31C1DC0BA3400322B9E /* Products */,
			);
			sourceTree = "<group>";
		};
		789DB31C1DC0BA3400322B9E /* Products */ = {
			isa = PBXGroup;
			children = (
				78BC4D9F1DF07754004B38A6 /* TestApp.app */,
				7825C9591F6C397C00A78248 /* DCFoundation.framework */,
				781EFDA22154D3A600B70CE7 /* DCFoundation.framework */,
			);
			name = Products;
			sourceTree = "<group>";
		};
		78BC4DA01DF07754004B38A6 /* TestApp */ = {
			isa = PBXGroup;
			children = (
				78BC4DA11DF07754004B38A6 /* AppDelegate.swift */,
				78BC4DA31DF07754004B38A6 /* ViewController.swift */,
				78BC4DA51DF07754004B38A6 /* Main.storyboard */,
				78BC4DA81DF07754004B38A6 /* Assets.xcassets */,
				78BC4DAA1DF07754004B38A6 /* LaunchScreen.storyboard */,
				78BC4DAD1DF07754004B38A6 /* Info.plist */,
			);
			path = TestApp;
			sourceTree = "<group>";
		};
/* End PBXGroup section */

/* Begin PBXHeadersBuildPhase section */
		781EFD9D2154D3A600B70CE7 /* Headers */ = {
			isa = PBXHeadersBuildPhase;
			buildActionMask = 2147483647;
			files = (
				781EFDA62154D3A600B70CE7 /* DCFoundation_iOS.h in Headers */,
			);
			runOnlyForDeploymentPostprocessing = 0;
		};
		7825C9561F6C397C00A78248 /* Headers */ = {
			isa = PBXHeadersBuildPhase;
			buildActionMask = 2147483647;
			files = (
				7825C95D1F6C397C00A78248 /* DCFoundation-Mac.h in Headers */,
			);
			runOnlyForDeploymentPostprocessing = 0;
		};
/* End PBXHeadersBuildPhase section */

/* Begin PBXNativeTarget section */
		781EFDA12154D3A600B70CE7 /* DCFoundation-iOS */ = {
			isa = PBXNativeTarget;
			buildConfigurationList = 781EFDAB2154D3A600B70CE7 /* Build configuration list for PBXNativeTarget "DCFoundation-iOS" */;
			buildPhases = (
				781EFD9D2154D3A600B70CE7 /* Headers */,
				781EFD9E2154D3A600B70CE7 /* Sources */,
				781EFD9F2154D3A600B70CE7 /* Frameworks */,
				781EFDA02154D3A600B70CE7 /* Resources */,
			);
			buildRules = (
			);
			dependencies = (
			);
			name = "DCFoundation-iOS";
			productName = "DCFoundation-iOS";
			productReference = 781EFDA22154D3A600B70CE7 /* DCFoundation.framework */;
			productType = "com.apple.product-type.framework";
		};
		7825C9581F6C397C00A78248 /* DCFoundation-Mac */ = {
			isa = PBXNativeTarget;
			buildConfigurationList = 7825C9621F6C397C00A78248 /* Build configuration list for PBXNativeTarget "DCFoundation-Mac" */;
			buildPhases = (
				7825C9541F6C397C00A78248 /* Sources */,
				7825C9551F6C397C00A78248 /* Frameworks */,
				7825C9561F6C397C00A78248 /* Headers */,
				7825C9571F6C397C00A78248 /* Resources */,
			);
			buildRules = (
			);
			dependencies = (
			);
			name = "DCFoundation-Mac";
			productName = "DCFoundation-Mac";
			productReference = 7825C9591F6C397C00A78248 /* DCFoundation.framework */;
			productType = "com.apple.product-type.framework";
		};
		78BC4D9E1DF07754004B38A6 /* TestApp */ = {
			isa = PBXNativeTarget;
			buildConfigurationList = 78BC4DAE1DF07754004B38A6 /* Build configuration list for PBXNativeTarget "TestApp" */;
			buildPhases = (
				78BC4D9B1DF07754004B38A6 /* Sources */,
				78BC4D9C1DF07754004B38A6 /* Frameworks */,
				78BC4D9D1DF07754004B38A6 /* Resources */,
				78EEBB5F2169F3A9002C80FB /* Embed Frameworks */,
			);
			buildRules = (
			);
			dependencies = (
				78EEBB5E2169F3A9002C80FB /* PBXTargetDependency */,
			);
			name = TestApp;
			productName = TestApp;
			productReference = 78BC4D9F1DF07754004B38A6 /* TestApp.app */;
			productType = "com.apple.product-type.application";
		};
/* End PBXNativeTarget section */

/* Begin PBXProject section */
		789DB3121DC0BA3400322B9E /* Project object */ = {
			isa = PBXProject;
			attributes = {
				LastSwiftUpdateCheck = 0810;
				LastUpgradeCheck = 1200;
				ORGANIZATIONNAME = "Igor Danich";
				TargetAttributes = {
					781EFDA12154D3A600B70CE7 = {
						CreatedOnToolsVersion = 10.0;
						ProvisioningStyle = Automatic;
					};
					7825C9581F6C397C00A78248 = {
						CreatedOnToolsVersion = 8.3.3;
						ProvisioningStyle = Automatic;
					};
					78BC4D9E1DF07754004B38A6 = {
						CreatedOnToolsVersion = 8.1;
						LastSwiftMigration = 1000;
						ProvisioningStyle = Automatic;
					};
				};
			};
			buildConfigurationList = 789DB3151DC0BA3400322B9E /* Build configuration list for PBXProject "DCFoundation" */;
			compatibilityVersion = "Xcode 3.2";
			developmentRegion = en;
			hasScannedForEncodings = 0;
			knownRegions = (
				en,
				Base,
			);
			mainGroup = 789DB3111DC0BA3400322B9E;
			productRefGroup = 789DB31C1DC0BA3400322B9E /* Products */;
			projectDirPath = "";
			projectRoot = "";
			targets = (
				781EFDA12154D3A600B70CE7 /* DCFoundation-iOS */,
				7825C9581F6C397C00A78248 /* DCFoundation-Mac */,
				78BC4D9E1DF07754004B38A6 /* TestApp */,
			);
		};
/* End PBXProject section */

/* Begin PBXResourcesBuildPhase section */
		781EFDA02154D3A600B70CE7 /* Resources */ = {
			isa = PBXResourcesBuildPhase;
			buildActionMask = 2147483647;
			files = (
			);
			runOnlyForDeploymentPostprocessing = 0;
		};
		7825C9571F6C397C00A78248 /* Resources */ = {
			isa = PBXResourcesBuildPhase;
			buildActionMask = 2147483647;
			files = (
			);
			runOnlyForDeploymentPostprocessing = 0;
		};
		78BC4D9D1DF07754004B38A6 /* Resources */ = {
			isa = PBXResourcesBuildPhase;
			buildActionMask = 2147483647;
			files = (
				78BC4DAC1DF07754004B38A6 /* LaunchScreen.storyboard in Resources */,
				78BC4DA91DF07754004B38A6 /* Assets.xcassets in Resources */,
				78BC4DA71DF07754004B38A6 /* Main.storyboard in Resources */,
			);
			runOnlyForDeploymentPostprocessing = 0;
		};
/* End PBXResourcesBuildPhase section */

/* Begin PBXSourcesBuildPhase section */
		781EFD9E2154D3A600B70CE7 /* Sources */ = {
			isa = PBXSourcesBuildPhase;
			buildActionMask = 2147483647;
			files = (
				781EFDC12154D40400B70CE7 /* Number.swift in Sources */,
				781EFDB42154D3F600B70CE7 /* Cache.swift in Sources */,
				786CFB89216E8FE3006C9855 /* HTTPRequest.swift in Sources */,
				786CFB8B216E8FE3006C9855 /* HTTPSession.swift in Sources */,
				781EFDB12154D3F600B70CE7 /* CacheDiskProvider.swift in Sources */,
				781EFDC02154D40400B70CE7 /* FileSystem.swift in Sources */,
				781EFDB22154D3F600B70CE7 /* CacheOptions.swift in Sources */,
				781EFDB02154D3F000B70CE7 /* DeepLink.swift in Sources */,
				781EFDC22154D40400B70CE7 /* CollectionType.swift in Sources */,
				781EFDBC2154D40400B70CE7 /* Array.swift in Sources */,
				786CFB87216E8FE3006C9855 /* Debug.swift in Sources */,
				781EFDC42154D40400B70CE7 /* Dictionary.swift in Sources */,
				781EFDB32154D3F600B70CE7 /* CacheNetwork.swift in Sources */,
				781EFDC72154D40400B70CE7 /* String.swift in Sources */,
				781EFDBB2154D40400B70CE7 /* Date.swift in Sources */,
				781EFDC62154D40400B70CE7 /* URL.swift in Sources */,
				786CFB88216E8FE3006C9855 /* Reachability.swift in Sources */,
				781EFDAF2154D3F000B70CE7 /* Localization.swift in Sources */,
				786CFB8C216E8FE3006C9855 /* MultipartBuilder.swift in Sources */,
				781EFDC32154D40400B70CE7 /* Operators.swift in Sources */,
				781EFDAE2154D3F000B70CE7 /* Geometry.swift in Sources */,
				781EFDC52154D40400B70CE7 /* Notification.swift in Sources */,
				781EFDC92154D40400B70CE7 /* NSError.swift in Sources */,
				781EFDC82154D40400B70CE7 /* UserDefaults.swift in Sources */,
				781EFDBD2154D40400B70CE7 /* Data.swift in Sources */,
				781EFDBF2154D40400B70CE7 /* Runtime.swift in Sources */,
				786CFB8A216E8FE3006C9855 /* HTTPResponse.swift in Sources */,
				781EFDBE2154D40400B70CE7 /* Locale.swift in Sources */,
			);
			runOnlyForDeploymentPostprocessing = 0;
		};
		7825C9541F6C397C00A78248 /* Sources */ = {
			isa = PBXSourcesBuildPhase;
			buildActionMask = 2147483647;
			files = (
			);
			runOnlyForDeploymentPostprocessing = 0;
		};
		78BC4D9B1DF07754004B38A6 /* Sources */ = {
			isa = PBXSourcesBuildPhase;
			buildActionMask = 2147483647;
			files = (
				78BC4DA41DF07754004B38A6 /* ViewController.swift in Sources */,
				78BC4DA21DF07754004B38A6 /* AppDelegate.swift in Sources */,
			);
			runOnlyForDeploymentPostprocessing = 0;
		};
/* End PBXSourcesBuildPhase section */

/* Begin PBXTargetDependency section */
		78EEBB5E2169F3A9002C80FB /* PBXTargetDependency */ = {
			isa = PBXTargetDependency;
			target = 781EFDA12154D3A600B70CE7 /* DCFoundation-iOS */;
			targetProxy = 78EEBB5D2169F3A9002C80FB /* PBXContainerItemProxy */;
		};
/* End PBXTargetDependency section */

/* Begin PBXVariantGroup section */
		78BC4DA51DF07754004B38A6 /* Main.storyboard */ = {
			isa = PBXVariantGroup;
			children = (
				78BC4DA61DF07754004B38A6 /* Base */,
			);
			name = Main.storyboard;
			sourceTree = "<group>";
		};
		78BC4DAA1DF07754004B38A6 /* LaunchScreen.storyboard */ = {
			isa = PBXVariantGroup;
			children = (
				78BC4DAB1DF07754004B38A6 /* Base */,
			);
			name = LaunchScreen.storyboard;
			sourceTree = "<group>";
		};
/* End PBXVariantGroup section */

/* Begin XCBuildConfiguration section */
		781EFDAC2154D3A600B70CE7 /* Debug */ = {
			isa = XCBuildConfiguration;
			buildSettings = {
				BUILD_LIBRARY_FOR_DISTRIBUTION = YES;
				CLANG_ANALYZER_NUMBER_OBJECT_CONVERSION = YES_AGGRESSIVE;
				CLANG_CXX_LANGUAGE_STANDARD = "gnu++14";
				CLANG_ENABLE_OBJC_WEAK = YES;
				CLANG_WARN_UNGUARDED_AVAILABILITY = YES_AGGRESSIVE;
				CODE_SIGN_IDENTITY = "";
				CODE_SIGN_STYLE = Automatic;
				DEFINES_MODULE = YES;
				DEVELOPMENT_TEAM = "";
				DYLIB_COMPATIBILITY_VERSION = 1;
				DYLIB_CURRENT_VERSION = 1;
				DYLIB_INSTALL_NAME_BASE = "@rpath";
				GCC_C_LANGUAGE_STANDARD = gnu11;
				INFOPLIST_FILE = "DCFoundation-iOS/Info.plist";
				INSTALL_PATH = "$(LOCAL_LIBRARY_DIR)/Frameworks";
				IPHONEOS_DEPLOYMENT_TARGET = 12.0;
				LD_RUNPATH_SEARCH_PATHS = "$(inherited) @executable_path/Frameworks @loader_path/Frameworks";
				MTL_ENABLE_DEBUG_INFO = INCLUDE_SOURCE;
				MTL_FAST_MATH = YES;
				PRODUCT_BUNDLE_IDENTIFIER = "org.agrello.DCFoundation-iOS";
				PRODUCT_NAME = DCFoundation;
				SKIP_INSTALL = YES;
				SWIFT_VERSION = 4.2;
				TARGETED_DEVICE_FAMILY = "1,2";
			};
			name = Debug;
		};
		781EFDAD2154D3A600B70CE7 /* Release */ = {
			isa = XCBuildConfiguration;
			buildSettings = {
				BUILD_LIBRARY_FOR_DISTRIBUTION = YES;
				CLANG_ANALYZER_NUMBER_OBJECT_CONVERSION = YES_AGGRESSIVE;
				CLANG_CXX_LANGUAGE_STANDARD = "gnu++14";
				CLANG_ENABLE_OBJC_WEAK = YES;
				CLANG_WARN_UNGUARDED_AVAILABILITY = YES_AGGRESSIVE;
				CODE_SIGN_IDENTITY = "";
				CODE_SIGN_STYLE = Automatic;
				DEFINES_MODULE = YES;
				DEVELOPMENT_TEAM = "";
				DYLIB_COMPATIBILITY_VERSION = 1;
				DYLIB_CURRENT_VERSION = 1;
				DYLIB_INSTALL_NAME_BASE = "@rpath";
				GCC_C_LANGUAGE_STANDARD = gnu11;
				INFOPLIST_FILE = "DCFoundation-iOS/Info.plist";
				INSTALL_PATH = "$(LOCAL_LIBRARY_DIR)/Frameworks";
				IPHONEOS_DEPLOYMENT_TARGET = 12.0;
				LD_RUNPATH_SEARCH_PATHS = "$(inherited) @executable_path/Frameworks @loader_path/Frameworks";
				MTL_FAST_MATH = YES;
				PRODUCT_BUNDLE_IDENTIFIER = "org.agrello.DCFoundation-iOS";
				PRODUCT_NAME = DCFoundation;
				SKIP_INSTALL = YES;
				SWIFT_VERSION = 4.2;
				TARGETED_DEVICE_FAMILY = "1,2";
			};
			name = Release;
		};
		7825C9631F6C397C00A78248 /* Debug */ = {
			isa = XCBuildConfiguration;
			buildSettings = {
				BUILD_LIBRARY_FOR_DISTRIBUTION = YES;
				CLANG_ANALYZER_NUMBER_OBJECT_CONVERSION = YES_AGGRESSIVE;
				CODE_SIGN_IDENTITY = "";
				DEFINES_MODULE = YES;
				DYLIB_COMPATIBILITY_VERSION = 1;
				DYLIB_CURRENT_VERSION = 1;
				DYLIB_INSTALL_NAME_BASE = "@rpath";
				INFOPLIST_FILE = "DCFoundation-Mac/Info.plist";
				INSTALL_PATH = "$(LOCAL_LIBRARY_DIR)/Frameworks";
				IPHONEOS_DEPLOYMENT_TARGET = 12.0;
				LD_RUNPATH_SEARCH_PATHS = "$(inherited) @executable_path/Frameworks @loader_path/Frameworks";
				PRODUCT_BUNDLE_IDENTIFIER = "com.dclife.DCFoundation-Mac";
				PRODUCT_NAME = DCFoundation;
				SDKROOT = macosx;
				SKIP_INSTALL = YES;
				SWIFT_INCLUDE_PATHS = "${SRCROOT}/DCFoundation/CommonCrypto";
				SWIFT_VERSION = 3.0;
			};
			name = Debug;
		};
		7825C9641F6C397C00A78248 /* Release */ = {
			isa = XCBuildConfiguration;
			buildSettings = {
				BUILD_LIBRARY_FOR_DISTRIBUTION = YES;
				CLANG_ANALYZER_NUMBER_OBJECT_CONVERSION = YES_AGGRESSIVE;
				CODE_SIGN_IDENTITY = "";
				DEFINES_MODULE = YES;
				DYLIB_COMPATIBILITY_VERSION = 1;
				DYLIB_CURRENT_VERSION = 1;
				DYLIB_INSTALL_NAME_BASE = "@rpath";
				INFOPLIST_FILE = "DCFoundation-Mac/Info.plist";
				INSTALL_PATH = "$(LOCAL_LIBRARY_DIR)/Frameworks";
				IPHONEOS_DEPLOYMENT_TARGET = 12.0;
				LD_RUNPATH_SEARCH_PATHS = "$(inherited) @executable_path/Frameworks @loader_path/Frameworks";
				PRODUCT_BUNDLE_IDENTIFIER = "com.dclife.DCFoundation-Mac";
				PRODUCT_NAME = DCFoundation;
				SDKROOT = macosx;
				SKIP_INSTALL = YES;
				SWIFT_INCLUDE_PATHS = "${SRCROOT}/DCFoundation/CommonCrypto";
				SWIFT_VERSION = 3.0;
			};
			name = Release;
		};
		789DB3211DC0BA3400322B9E /* Debug */ = {
			isa = XCBuildConfiguration;
			buildSettings = {
				ALWAYS_SEARCH_USER_PATHS = NO;
				CLANG_ANALYZER_LOCALIZABILITY_NONLOCALIZED = YES;
				CLANG_ANALYZER_NONNULL = YES;
				CLANG_CXX_LANGUAGE_STANDARD = "gnu++0x";
				CLANG_CXX_LIBRARY = "libc++";
				CLANG_ENABLE_MODULES = YES;
				CLANG_ENABLE_OBJC_ARC = YES;
				CLANG_WARN_BLOCK_CAPTURE_AUTORELEASING = YES;
				CLANG_WARN_BOOL_CONVERSION = YES;
				CLANG_WARN_COMMA = YES;
				CLANG_WARN_CONSTANT_CONVERSION = YES;
				CLANG_WARN_DEPRECATED_OBJC_IMPLEMENTATIONS = YES;
				CLANG_WARN_DIRECT_OBJC_ISA_USAGE = YES_ERROR;
				CLANG_WARN_DOCUMENTATION_COMMENTS = YES;
				CLANG_WARN_EMPTY_BODY = YES;
				CLANG_WARN_ENUM_CONVERSION = YES;
				CLANG_WARN_INFINITE_RECURSION = YES;
				CLANG_WARN_INT_CONVERSION = YES;
				CLANG_WARN_NON_LITERAL_NULL_CONVERSION = YES;
				CLANG_WARN_OBJC_IMPLICIT_RETAIN_SELF = YES;
				CLANG_WARN_OBJC_LITERAL_CONVERSION = YES;
				CLANG_WARN_OBJC_ROOT_CLASS = YES_ERROR;
				CLANG_WARN_QUOTED_INCLUDE_IN_FRAMEWORK_HEADER = YES;
				CLANG_WARN_RANGE_LOOP_ANALYSIS = YES;
				CLANG_WARN_STRICT_PROTOTYPES = YES;
				CLANG_WARN_SUSPICIOUS_MOVE = YES;
				CLANG_WARN_SUSPICIOUS_MOVES = YES;
				CLANG_WARN_UNREACHABLE_CODE = YES;
				CLANG_WARN__DUPLICATE_METHOD_MATCH = YES;
				"CODE_SIGN_IDENTITY[sdk=iphoneos*]" = "iPhone Developer";
				COPY_PHASE_STRIP = NO;
				CURRENT_PROJECT_VERSION = 1;
				DEBUG_INFORMATION_FORMAT = dwarf;
				ENABLE_STRICT_OBJC_MSGSEND = YES;
				ENABLE_TESTABILITY = YES;
				"EXCLUDED_ARCHS[sdk=iphonesimulator*]" = "arm64 arm64e armv7 armv7s armv6 armv8";
				GCC_C_LANGUAGE_STANDARD = gnu99;
				GCC_DYNAMIC_NO_PIC = NO;
				GCC_NO_COMMON_BLOCKS = YES;
				GCC_OPTIMIZATION_LEVEL = 0;
				GCC_PREPROCESSOR_DEFINITIONS = (
					"DEBUG=1",
					"$(inherited)",
				);
				GCC_WARN_64_TO_32_BIT_CONVERSION = YES;
				GCC_WARN_ABOUT_RETURN_TYPE = YES_ERROR;
				GCC_WARN_UNDECLARED_SELECTOR = YES;
				GCC_WARN_UNINITIALIZED_AUTOS = YES_AGGRESSIVE;
				GCC_WARN_UNUSED_FUNCTION = YES;
				GCC_WARN_UNUSED_VARIABLE = YES;
				IPHONEOS_DEPLOYMENT_TARGET = 12.0;
				MTL_ENABLE_DEBUG_INFO = YES;
				ONLY_ACTIVE_ARCH = YES;
				SDKROOT = iphoneos;
				SWIFT_ACTIVE_COMPILATION_CONDITIONS = DEBUG;
				SWIFT_INCLUDE_PATHS = "";
				SWIFT_OPTIMIZATION_LEVEL = "-Onone";
				TARGETED_DEVICE_FAMILY = "1,2";
				VERSIONING_SYSTEM = "apple-generic";
				VERSION_INFO_PREFIX = "";
			};
			name = Debug;
		};
		789DB3221DC0BA3400322B9E /* Release */ = {
			isa = XCBuildConfiguration;
			buildSettings = {
				ALWAYS_SEARCH_USER_PATHS = NO;
				CLANG_ANALYZER_LOCALIZABILITY_NONLOCALIZED = YES;
				CLANG_ANALYZER_NONNULL = YES;
				CLANG_CXX_LANGUAGE_STANDARD = "gnu++0x";
				CLANG_CXX_LIBRARY = "libc++";
				CLANG_ENABLE_MODULES = YES;
				CLANG_ENABLE_OBJC_ARC = YES;
				CLANG_WARN_BLOCK_CAPTURE_AUTORELEASING = YES;
				CLANG_WARN_BOOL_CONVERSION = YES;
				CLANG_WARN_COMMA = YES;
				CLANG_WARN_CONSTANT_CONVERSION = YES;
				CLANG_WARN_DEPRECATED_OBJC_IMPLEMENTATIONS = YES;
				CLANG_WARN_DIRECT_OBJC_ISA_USAGE = YES_ERROR;
				CLANG_WARN_DOCUMENTATION_COMMENTS = YES;
				CLANG_WARN_EMPTY_BODY = YES;
				CLANG_WARN_ENUM_CONVERSION = YES;
				CLANG_WARN_INFINITE_RECURSION = YES;
				CLANG_WARN_INT_CONVERSION = YES;
				CLANG_WARN_NON_LITERAL_NULL_CONVERSION = YES;
				CLANG_WARN_OBJC_IMPLICIT_RETAIN_SELF = YES;
				CLANG_WARN_OBJC_LITERAL_CONVERSION = YES;
				CLANG_WARN_OBJC_ROOT_CLASS = YES_ERROR;
				CLANG_WARN_QUOTED_INCLUDE_IN_FRAMEWORK_HEADER = YES;
				CLANG_WARN_RANGE_LOOP_ANALYSIS = YES;
				CLANG_WARN_STRICT_PROTOTYPES = YES;
				CLANG_WARN_SUSPICIOUS_MOVE = YES;
				CLANG_WARN_SUSPICIOUS_MOVES = YES;
				CLANG_WARN_UNREACHABLE_CODE = YES;
				CLANG_WARN__DUPLICATE_METHOD_MATCH = YES;
				"CODE_SIGN_IDENTITY[sdk=iphoneos*]" = "iPhone Developer";
				COPY_PHASE_STRIP = NO;
				CURRENT_PROJECT_VERSION = 1;
				DEBUG_INFORMATION_FORMAT = "dwarf-with-dsym";
				ENABLE_NS_ASSERTIONS = NO;
				ENABLE_STRICT_OBJC_MSGSEND = YES;
				GCC_C_LANGUAGE_STANDARD = gnu99;
				GCC_NO_COMMON_BLOCKS = YES;
				GCC_WARN_64_TO_32_BIT_CONVERSION = YES;
				GCC_WARN_ABOUT_RETURN_TYPE = YES_ERROR;
				GCC_WARN_UNDECLARED_SELECTOR = YES;
				GCC_WARN_UNINITIALIZED_AUTOS = YES_AGGRESSIVE;
				GCC_WARN_UNUSED_FUNCTION = YES;
				GCC_WARN_UNUSED_VARIABLE = YES;
				IPHONEOS_DEPLOYMENT_TARGET = 12.0;
				MTL_ENABLE_DEBUG_INFO = NO;
				SDKROOT = iphoneos;
				SWIFT_INCLUDE_PATHS = "";
				SWIFT_OPTIMIZATION_LEVEL = "-Owholemodule";
				TARGETED_DEVICE_FAMILY = "1,2";
				VALIDATE_PRODUCT = YES;
				VERSIONING_SYSTEM = "apple-generic";
				VERSION_INFO_PREFIX = "";
			};
			name = Release;
		};
		78BC4DAF1DF07754004B38A6 /* Debug */ = {
			isa = XCBuildConfiguration;
			buildSettings = {
				ALWAYS_EMBED_SWIFT_STANDARD_LIBRARIES = YES;
				ASSETCATALOG_COMPILER_APPICON_NAME = AppIcon;
				CODE_SIGN_IDENTITY = "iPhone Developer";
				DEVELOPMENT_TEAM = "";
				INFOPLIST_FILE = TestApp/Info.plist;
				IPHONEOS_DEPLOYMENT_TARGET = 12.0;
				LD_RUNPATH_SEARCH_PATHS = "$(inherited) @executable_path/Frameworks";
				PRODUCT_BUNDLE_IDENTIFIER = com.dclife.TestApp;
				PRODUCT_NAME = "$(TARGET_NAME)";
				SWIFT_SWIFT3_OBJC_INFERENCE = On;
				SWIFT_VERSION = 4.2;
			};
			name = Debug;
		};
		78BC4DB01DF07754004B38A6 /* Release */ = {
			isa = XCBuildConfiguration;
			buildSettings = {
				ALWAYS_EMBED_SWIFT_STANDARD_LIBRARIES = YES;
				ASSETCATALOG_COMPILER_APPICON_NAME = AppIcon;
				CODE_SIGN_IDENTITY = "iPhone Developer";
				DEVELOPMENT_TEAM = "";
				INFOPLIST_FILE = TestApp/Info.plist;
				IPHONEOS_DEPLOYMENT_TARGET = 12.0;
				LD_RUNPATH_SEARCH_PATHS = "$(inherited) @executable_path/Frameworks";
				PRODUCT_BUNDLE_IDENTIFIER = com.dclife.TestApp;
				PRODUCT_NAME = "$(TARGET_NAME)";
				SWIFT_SWIFT3_OBJC_INFERENCE = On;
				SWIFT_VERSION = 4.2;
			};
			name = Release;
		};
/* End XCBuildConfiguration section */

/* Begin XCConfigurationList section */
		781EFDAB2154D3A600B70CE7 /* Build configuration list for PBXNativeTarget "DCFoundation-iOS" */ = {
			isa = XCConfigurationList;
			buildConfigurations = (
				781EFDAC2154D3A600B70CE7 /* Debug */,
				781EFDAD2154D3A600B70CE7 /* Release */,
			);
			defaultConfigurationIsVisible = 0;
			defaultConfigurationName = Release;
		};
		7825C9621F6C397C00A78248 /* Build configuration list for PBXNativeTarget "DCFoundation-Mac" */ = {
			isa = XCConfigurationList;
			buildConfigurations = (
				7825C9631F6C397C00A78248 /* Debug */,
				7825C9641F6C397C00A78248 /* Release */,
			);
			defaultConfigurationIsVisible = 0;
			defaultConfigurationName = Release;
		};
		789DB3151DC0BA3400322B9E /* Build configuration list for PBXProject "DCFoundation" */ = {
			isa = XCConfigurationList;
			buildConfigurations = (
				789DB3211DC0BA3400322B9E /* Debug */,
				789DB3221DC0BA3400322B9E /* Release */,
			);
			defaultConfigurationIsVisible = 0;
			defaultConfigurationName = Release;
		};
		78BC4DAE1DF07754004B38A6 /* Build configuration list for PBXNativeTarget "TestApp" */ = {
			isa = XCConfigurationList;
			buildConfigurations = (
				78BC4DAF1DF07754004B38A6 /* Debug */,
				78BC4DB01DF07754004B38A6 /* Release */,
			);
			defaultConfigurationIsVisible = 0;
			defaultConfigurationName = Release;
		};
/* End XCConfigurationList section */
	};
	rootObject = 789DB3121DC0BA3400322B9E /* Project object */;
}
